
Microsoft Visual Studio Solution File, Format Version 11.00
# Visual Studio 2010
Project("{FAE04EC0-301F-11D3-BF4B-00C04F79EFBC}") = "AR Tower", "Assembly-CSharp.csproj", "{8D8A435C-BE30-EA27-56F7-73BAD5614698}"
EndProject
Project("{FAE04EC0-301F-11D3-BF4B-00C04F79EFBC}") = "AR Tower", "Assembly-CSharp-Editor.csproj", "{8F0564DC-CAA0-3C5A-6E4B-4E4C01F1513A}"
EndProject
Global
	GlobalSection(SolutionConfigurationPlatforms) = preSolution
		Debug|Any CPU = Debug|Any CPU
		Release|Any CPU = Release|Any CPU
	EndGlobalSection
	GlobalSection(ProjectConfigurationPlatforms) = postSolution
		{8D8A435C-BE30-EA27-56F7-73BAD5614698}.Debug|Any CPU.ActiveCfg = Debug|Any CPU
		{8D8A435C-BE30-EA27-56F7-73BAD5614698}.Debug|Any CPU.Build.0 = Debug|Any CPU
		{8D8A435C-BE30-EA27-56F7-73BAD5614698}.Release|Any CPU.ActiveCfg = Release|Any CPU
		{8D8A435C-BE30-EA27-56F7-73BAD5614698}.Release|Any CPU.Build.0 = Release|Any CPU
		{8F0564DC-CAA0-3C5A-6E4B-4E4C01F1513A}.Debug|Any CPU.ActiveCfg = Debug|Any CPU
		{8F0564DC-CAA0-3C5A-6E4B-4E4C01F1513A}.Debug|Any CPU.Build.0 = Debug|Any CPU
		{8F0564DC-CAA0-3C5A-6E4B-4E4C01F1513A}.Release|Any CPU.ActiveCfg = Release|Any CPU
		{8F0564DC-CAA0-3C5A-6E4B-4E4C01F1513A}.Release|Any CPU.Build.0 = Release|Any CPU
	EndGlobalSection
	GlobalSection(SolutionProperties) = preSolution
		HideSolutionNode = FALSE
	EndGlobalSection
	GlobalSection(MonoDevelopProperties) = preSolution
		StartupItem = Assembly-CSharp.csproj
	EndGlobalSection
EndGlobal
